Microsoft Visual Studio Solution File, Format Version 12.00
# Visual Studio Version 17
VisualStudioVersion = 17.5.2.0
MinimumVisualStudioVersion = 10.0.40219.1
Project("{2150E333-8FDC-42A3-9474-1A3956D46DE8}") = "ChatApp.Aspire", "ChatApp.Aspire", "{43ED8420-D37D-BBF5-1FD8-878BAFBB0B00}"
EndProject
Project("{2150E333-8FDC-42A3-9474-1A3956D46DE8}") = "Gateway", "Gateway", "{E7BDDBC6-9FD1-D1D7-ACD8-2C4F8E3D2461}"
EndProject
Project("{2150E333-8FDC-42A3-9474-1A3956D46DE8}") = "shared", "shared", "{4F52FD11-658E-A102-6CD3-7D7C16FFA15B}"
EndProject
Project("{FAE04EC0-301F-11D3-BF4B-00C04F79EFBC}") = "ChatApp.Aspire.Apphost", "ChatApp.Aspire\ChatApp.Aspire.Apphost\ChatApp.Aspire.Apphost.csproj", "{FEB458EF-A4BF-961B-7682-5D316D7E0810}"
EndProject
Project("{FAE04EC0-301F-11D3-BF4B-00C04F79EFBC}") = "ChatApp.Aspire.ServiceDefaults", "ChatApp.Aspire\ChatApp.Aspire.ServiceDefaults\ChatApp.Aspire.ServiceDefaults.csproj", "{A9CC5E86-3A00-2960-C7A3-4370291CDAD9}"
EndProject
Project("{FAE04EC0-301F-11D3-BF4B-00C04F79EFBC}") = "Gateway.Api", "Gateway\Gateway.Api\Gateway.Api.csproj", "{45FF5A82-1E95-9DBF-4A6B-852FC6674608}"
EndProject
Project("{FAE04EC0-301F-11D3-BF4B-00C04F79EFBC}") = "Gateway.Application", "Gateway\Gateway.Application\Gateway.Application.csproj", "{CC6CD5DB-564E-0B6E-096B-FAB60729085A}"
EndProject
Project("{FAE04EC0-301F-11D3-BF4B-00C04F79EFBC}") = "Gateway.Domain", "Gateway\Gateway.Domain\Gateway.Domain.csproj", "{3C5A0D7F-4469-2B33-27E3-9BB14589CA32}"
EndProject
Project("{FAE04EC0-301F-11D3-BF4B-00C04F79EFBC}") = "Gateway.Infrastructure", "Gateway\Gateway.Infrastructure\Gateway.Infrastructure.csproj", "{1728C22A-A8DE-4A6C-6174-7DF3A1162741}"
EndProject
Project("{FAE04EC0-301F-11D3-BF4B-00C04F79EFBC}") = "Gateway.Tests", "Gateway\Gateway.Tests\Gateway.Tests.csproj", "{1FFFFE12-2521-CF4A-125E-D4E130AB1B6F}"
EndProject
Project("{FAE04EC0-301F-11D3-BF4B-00C04F79EFBC}") = "DTOs", "shared\DTOs\DTOs.csproj", "{B1E608D4-9EDC-D8E4-DB45-CB8925C4BEAC}"
EndProject
Project("{FAE04EC0-301F-11D3-BF4B-00C04F79EFBC}") = "Enums", "shared\Enums\Enums.csproj", "{093733B0-F3ED-6277-8468-335E5E84857F}"
EndProject
Global
	GlobalSection(SolutionConfigurationPlatforms) = preSolution
		Debug|Any CPU = Debug|Any CPU
		Release|Any CPU = Release|Any CPU
	EndGlobalSection
	GlobalSection(ProjectConfigurationPlatforms) = postSolution
		{FEB458EF-A4BF-961B-7682-5D316D7E0810}.Debug|Any CPU.ActiveCfg = Debug|Any CPU
		{FEB458EF-A4BF-961B-7682-5D316D7E0810}.Debug|Any CPU.Build.0 = Debug|Any CPU
		{FEB458EF-A4BF-961B-7682-5D316D7E0810}.Release|Any CPU.ActiveCfg = Release|Any CPU
		{FEB458EF-A4BF-961B-7682-5D316D7E0810}.Release|Any CPU.Build.0 = Release|Any CPU
		{A9CC5E86-3A00-2960-C7A3-4370291CDAD9}.Debug|Any CPU.ActiveCfg = Debug|Any CPU
		{A9CC5E86-3A00-2960-C7A3-4370291CDAD9}.Debug|Any CPU.Build.0 = Debug|Any CPU
		{A9CC5E86-3A00-2960-C7A3-4370291CDAD9}.Release|Any CPU.ActiveCfg = Release|Any CPU
		{A9CC5E86-3A00-2960-C7A3-4370291CDAD9}.Release|Any CPU.Build.0 = Release|Any CPU
		{45FF5A82-1E95-9DBF-4A6B-852FC6674608}.Debug|Any CPU.ActiveCfg = Debug|Any CPU
		{45FF5A82-1E95-9DBF-4A6B-852FC6674608}.Debug|Any CPU.Build.0 = Debug|Any CPU
		{45FF5A82-1E95-9DBF-4A6B-852FC6674608}.Release|Any CPU.ActiveCfg = Release|Any CPU
		{45FF5A82-1E95-9DBF-4A6B-852FC6674608}.Release|Any CPU.Build.0 = Release|Any CPU
		{CC6CD5DB-564E-0B6E-096B-FAB60729085A}.Debug|Any CPU.ActiveCfg = Debug|Any CPU
		{CC6CD5DB-564E-0B6E-096B-FAB60729085A}.Debug|Any CPU.Build.0 = Debug|Any CPU
		{CC6CD5DB-564E-0B6E-096B-FAB60729085A}.Release|Any CPU.ActiveCfg = Release|Any CPU
		{CC6CD5DB-564E-0B6E-096B-FAB60729085A}.Release|Any CPU.Build.0 = Release|Any CPU
		{3C5A0D7F-4469-2B33-27E3-9BB14589CA32}.Debug|Any CPU.ActiveCfg = Debug|Any CPU
		{3C5A0D7F-4469-2B33-27E3-9BB14589CA32}.Debug|Any CPU.Build.0 = Debug|Any CPU
		{3C5A0D7F-4469-2B33-27E3-9BB14589CA32}.Release|Any CPU.ActiveCfg = Release|Any CPU
		{3C5A0D7F-4469-2B33-27E3-9BB14589CA32}.Release|Any CPU.Build.0 = Release|Any CPU
		{1728C22A-A8DE-4A6C-6174-7DF3A1162741}.Debug|Any CPU.ActiveCfg = Debug|Any CPU
		{1728C22A-A8DE-4A6C-6174-7DF3A1162741}.Debug|Any CPU.Build.0 = Debug|Any CPU
		{1728C22A-A8DE-4A6C-6174-7DF3A1162741}.Release|Any CPU.ActiveCfg = Release|Any CPU
		{1728C22A-A8DE-4A6C-6174-7DF3A1162741}.Release|Any CPU.Build.0 = Release|Any CPU
		{1FFFFE12-2521-CF4A-125E-D4E130AB1B6F}.Debug|Any CPU.ActiveCfg = Debug|Any CPU
		{1FFFFE12-2521-CF4A-125E-D4E130AB1B6F}.Debug|Any CPU.Build.0 = Debug|Any CPU
		{1FFFFE12-2521-CF4A-125E-D4E130AB1B6F}.Release|Any CPU.ActiveCfg = Release|Any CPU
		{1FFFFE12-2521-CF4A-125E-D4E130AB1B6F}.Release|Any CPU.Build.0 = Release|Any CPU
		{B1E608D4-9EDC-D8E4-DB45-CB8925C4BEAC}.Debug|Any CPU.ActiveCfg = Debug|Any CPU
		{B1E608D4-9EDC-D8E4-DB45-CB8925C4BEAC}.Debug|Any CPU.Build.0 = Debug|Any CPU
		{B1E608D4-9EDC-D8E4-DB45-CB8925C4BEAC}.Release|Any CPU.ActiveCfg = Release|Any CPU
		{B1E608D4-9EDC-D8E4-DB45-CB8925C4BEAC}.Release|Any CPU.Build.0 = Release|Any CPU
		{093733B0-F3ED-6277-8468-335E5E84857F}.Debug|Any CPU.ActiveCfg = Debug|Any CPU
		{093733B0-F3ED-6277-8468-335E5E84857F}.Debug|Any CPU.Build.0 = Debug|Any CPU
		{093733B0-F3ED-6277-8468-335E5E84857F}.Release|Any CPU.ActiveCfg = Release|Any CPU
		{093733B0-F3ED-6277-8468-335E5E84857F}.Release|Any CPU.Build.0 = Release|Any CPU
	EndGlobalSection
	GlobalSection(SolutionProperties) = preSolution
		HideSolutionNode = FALSE
	EndGlobalSection
	GlobalSection(NestedProjects) = preSolution
		{FEB458EF-A4BF-961B-7682-5D316D7E0810} = {43ED8420-D37D-BBF5-1FD8-878BAFBB0B00}
		{A9CC5E86-3A00-2960-C7A3-4370291CDAD9} = {43ED8420-D37D-BBF5-1FD8-878BAFBB0B00}
		{45FF5A82-1E95-9DBF-4A6B-852FC6674608} = {E7BDDBC6-9FD1-D1D7-ACD8-2C4F8E3D2461}
		{CC6CD5DB-564E-0B6E-096B-FAB60729085A} = {E7BDDBC6-9FD1-D1D7-ACD8-2C4F8E3D2461}
		{3C5A0D7F-4469-2B33-27E3-9BB14589CA32} = {E7BDDBC6-9FD1-D1D7-ACD8-2C4F8E3D2461}
		{1728C22A-A8DE-4A6C-6174-7DF3A1162741} = {E7BDDBC6-9FD1-D1D7-ACD8-2C4F8E3D2461}
		{1FFFFE12-2521-CF4A-125E-D4E130AB1B6F} = {E7BDDBC6-9FD1-D1D7-ACD8-2C4F8E3D2461}
		{B1E608D4-9EDC-D8E4-DB45-CB8925C4BEAC} = {4F52FD11-658E-A102-6CD3-7D7C16FFA15B}
		{093733B0-F3ED-6277-8468-335E5E84857F} = {4F52FD11-658E-A102-6CD3-7D7C16FFA15B}
	EndGlobalSection
	GlobalSection(ExtensibilityGlobals) = postSolution
		SolutionGuid = {29A2AE87-630D-40E1-9242-93584B180403}
	EndGlobalSection
EndGlobal
